
Microsoft Visual Studio Solution File, Format Version 12.00
# Visual Studio Version 16
VisualStudioVersion = 16.0.31129.286
MinimumVisualStudioVersion = 10.0.40219.1
Project("{FAE04EC0-301F-11D3-BF4B-00C04F79EFBC}") = "Xenos Client 2", "Xenos Client 2.csproj", "{28C752E9-BA71-4535-BB5F-80563A900411}"
EndProject
Global
	GlobalSection(SolutionConfigurationPlatforms) = preSolution
		Debug|Any CPU = Debug|Any CPU
		Release|Any CPU = Release|Any CPU
	EndGlobalSection
	GlobalSection(ProjectConfigurationPlatforms) = postSolution
		{28C752E9-BA71-4535-BB5F-80563A900411}.Debug|Any CPU.ActiveCfg = Debug|Any CPU
		{28C752E9-BA71-4535-BB5F-80563A900411}.Debug|Any CPU.Build.0 = Debug|Any CPU
		{28C752E9-BA71-4535-BB5F-80563A900411}.Release|Any CPU.ActiveCfg = Release|Any CPU
		{28C752E9-BA71-4535-BB5F-80563A900411}.Release|Any CPU.Build.0 = Release|Any CPU
	EndGlobalSection
	GlobalSection(SolutionProperties) = preSolution
		HideSolutionNode = FALSE
	EndGlobalSection
	GlobalSection(ExtensibilityGlobals) = postSolution
		SolutionGuid = {A576B8BA-70EC-4BC0-8726-B89A75E3BCAA}
	EndGlobalSection
EndGlobal
